{
  "version": 4,
  "terraform_version": "1.15.8",
  "serial": 4,
  "lineage": "f8815797-2c6e-858e-6edc-38c825ba11ce",
  "outputs": {
    "iam_user_arn": {
      "value": "arn:aws:iam::211945238200:user/terraform-admin",
      "type": "string"
    },
    "iam_user_name": {
      "value": "terraform-admin",
      "type": "string"
    }
  },
  "resources": [
    {
      "mode": "managed",
      "type": "aws_iam_user",
      "name": "admin",
      "provider": "provider[\"registry.terraform.io/hashicorp/aws\"]",
      "instances": [
        {
          "schema_version": 0,
          "attributes": {
            "arn": "arn:aws:iam::211945238200:user/terraform-admin",
            "force_destroy": false,
            "id": "terraform-admin",
            "name": "terraform-admin",
            "path": "/",
            "permissions_boundary": "",
            "tags": null,
            "tags_all": {},
            "unique_id": "AIDATCWHLV24MFDFGBXCY"
          },
          "sensitive_attributes": [],
          "identity_schema_version": 0,
          "identity": {
            "account_id": "211945238200",
            "name": "terraform-admin"
          },
          "private": "bnVsbA=="
        }
      ]
    },
    {
      "mode": "managed",
      "type": "aws_iam_user_policy_attachment",
      "name": "administrator",
      "provider": "provider[\"registry.terraform.io/hashicorp/aws\"]",
      "instances": [
        {
          "schema_version": 0,
          "attributes": {
            "id": "terraform-admin/arn:aws:iam::aws:policy/AdministratorAccess",
            "policy_arn": "arn:aws:iam::aws:policy/AdministratorAccess",
            "user": "terraform-admin"
          },
          "sensitive_attributes": [],
          "identity_schema_version": 0,
          "identity": {
            "account_id": "211945238200",
            "policy_arn": "arn:aws:iam::aws:policy/AdministratorAccess",
            "user": "terraform-admin"
          },
          "private": "bnVsbA==",
          "dependencies": [
            "aws_iam_user.admin"
          ]
        }
      ]
    },
    {
      "mode": "managed",
      "type": "aws_iam_user_policy_attachment",
      "name": "ec2",
      "provider": "provider[\"registry.terraform.io/hashicorp/aws\"]",
      "instances": [
        {
          "schema_version": 0,
          "attributes": {
            "id": "terraform-admin/arn:aws:iam::aws:policy/AmazonEC2FullAccess",
            "policy_arn": "arn:aws:iam::aws:policy/AmazonEC2FullAccess",
            "user": "terraform-admin"
          },
          "sensitive_attributes": [],
          "identity_schema_version": 0,
          "identity": {
            "account_id": "211945238200",
            "policy_arn": "arn:aws:iam::aws:policy/AmazonEC2FullAccess",
            "user": "terraform-admin"
          },
          "private": "bnVsbA==",
          "dependencies": [
            "aws_iam_user.admin"
          ]
        }
      ]
    }
  ],
  "check_results": null
}
